
Microsoft Visual Studio Solution File, Format Version 12.00
# Visual Studio 15
VisualStudioVersion = 15.0.28307.489
MinimumVisualStudioVersion = 10.0.40219.1
Project("{FAE04EC0-301F-11D3-BF4B-00C04F79EFBC}") = "AntahKingdom", "AntahKingdom.csproj", "{989DF98E-7F9F-4D43-86D0-2CFA26793BC2}"
EndProject
Global
	GlobalSection(SolutionConfigurationPlatforms) = preSolution
		Debug|Any CPU = Debug|Any CPU
		Release|Any CPU = Release|Any CPU
	EndGlobalSection
	GlobalSection(ProjectConfigurationPlatforms) = postSolution
		{989DF98E-7F9F-4D43-86D0-2CFA26793BC2}.Debug|Any CPU.ActiveCfg = Debug|Any CPU
		{989DF98E-7F9F-4D43-86D0-2CFA26793BC2}.Debug|Any CPU.Build.0 = Debug|Any CPU
		{989DF98E-7F9F-4D43-86D0-2CFA26793BC2}.Release|Any CPU.ActiveCfg = Release|Any CPU
		{989DF98E-7F9F-4D43-86D0-2CFA26793BC2}.Release|Any CPU.Build.0 = Release|Any CPU
	EndGlobalSection
	GlobalSection(SolutionProperties) = preSolution
		HideSolutionNode = FALSE
	EndGlobalSection
	GlobalSection(ExtensibilityGlobals) = postSolution
		SolutionGuid = {5FA0FDB8-07CD-4CAF-9C8F-B19B6CED8125}
	EndGlobalSection
EndGlobal
